
Microsoft Visual Studio Solution File, Format Version 12.00
# Visual Studio Version 17
VisualStudioVersion = 17.3.32929.385
MinimumVisualStudioVersion = 10.0.40219.1
Project("{FAE04EC0-301F-11D3-BF4B-00C04F79EFBC}") = "Exam_SysProcesses_WinForms_Threads_Karvatyuk", "Exam_SysProcesses_WinForms_Threads_Karvatyuk.csproj", "{01BFB8B9-0B8D-406A-8209-4D3F5DDE80E0}"
EndProject
Global
	GlobalSection(SolutionConfigurationPlatforms) = preSolution
		Debug|Any CPU = Debug|Any CPU
		Release|Any CPU = Release|Any CPU
	EndGlobalSection
	GlobalSection(ProjectConfigurationPlatforms) = postSolution
		{01BFB8B9-0B8D-406A-8209-4D3F5DDE80E0}.Debug|Any CPU.ActiveCfg = Debug|Any CPU
		{01BFB8B9-0B8D-406A-8209-4D3F5DDE80E0}.Debug|Any CPU.Build.0 = Debug|Any CPU
		{01BFB8B9-0B8D-406A-8209-4D3F5DDE80E0}.Release|Any CPU.ActiveCfg = Release|Any CPU
		{01BFB8B9-0B8D-406A-8209-4D3F5DDE80E0}.Release|Any CPU.Build.0 = Release|Any CPU
	EndGlobalSection
	GlobalSection(SolutionProperties) = preSolution
		HideSolutionNode = FALSE
	EndGlobalSection
	GlobalSection(ExtensibilityGlobals) = postSolution
		SolutionGuid = {FC71FD6A-93CC-421F-85B8-C5C80EAD3CB5}
	EndGlobalSection
EndGlobal
